
Microsoft Visual Studio Solution File, Format Version 12.00
# Visual Studio Version 17
VisualStudioVersion = 17.11.35327.3
MinimumVisualStudioVersion = 10.0.40219.1
Project("{FAE04EC0-301F-11D3-BF4B-00C04F79EFBC}") = "S10266600_PRG2Assignment", "S10266600_PRG2Assignment\S10266600_PRG2Assignment.csproj", "{D781C0F3-8014-4A88-A16C-2798D52765CE}"
EndProject
Global
	GlobalSection(SolutionConfigurationPlatforms) = preSolution
		Debug|Any CPU = Debug|Any CPU
		Release|Any CPU = Release|Any CPU
	EndGlobalSection
	GlobalSection(ProjectConfigurationPlatforms) = postSolution
		{D781C0F3-8014-4A88-A16C-2798D52765CE}.Debug|Any CPU.ActiveCfg = Debug|Any CPU
		{D781C0F3-8014-4A88-A16C-2798D52765CE}.Debug|Any CPU.Build.0 = Debug|Any CPU
		{D781C0F3-8014-4A88-A16C-2798D52765CE}.Release|Any CPU.ActiveCfg = Release|Any CPU
		{D781C0F3-8014-4A88-A16C-2798D52765CE}.Release|Any CPU.Build.0 = Release|Any CPU
	EndGlobalSection
	GlobalSection(SolutionProperties) = preSolution
		HideSolutionNode = FALSE
	EndGlobalSection
	GlobalSection(ExtensibilityGlobals) = postSolution
		SolutionGuid = {2941146B-ECC1-400A-AB8B-CD81FF2F4018}
	EndGlobalSection
EndGlobal
